hash: cc384f68aaceb7346dc19e98e6abadcfc384225feeb4b5448d6b83881703b300
updated: 2018-01-11T20:37:11.958677+01:00
imports:
- name: github.com/pkg/errors
  version: 645ef00459ed84a119197bfb8d8205042c6df63d
testImports:
- name: github.com/stretchr/testify
  version: b91bfb9ebec76498946beb6af7c0230c7cc7ba6c
